Microsoft Visual Studio Solution File, Format Version 12.00
# Visual Studio Version 17
VisualStudioVersion = 17.14.35906.104
MinimumVisualStudioVersion = 10.0.40219.1
Project("{FAE04EC0-301F-11D3-BF4B-00C04F79EFBC}") = "EvMa.AppHost", "EvMa.AppHost\EvMa.AppHost.csproj", "{F4A655A3-1F4A-4F10-9C64-01ACA9F6EDC5}"
EndProject
Project("{FAE04EC0-301F-11D3-BF4B-00C04F79EFBC}") = "EvMa.ServiceDefaults", "EvMa.ServiceDefaults\EvMa.ServiceDefaults.csproj", "{73603BB0-8518-BD12-3472-25949619793C}"
EndProject
Project("{FAE04EC0-301F-11D3-BF4B-00C04F79EFBC}") = "EvMa.CatalogService", "EvMa.CatalogService\EvMa.CatalogService.csproj", "{E350E7EC-1D0A-47EF-5424-9C005BC8BBE3}"
EndProject
Project("{FAE04EC0-301F-11D3-BF4B-00C04F79EFBC}") = "Evma.MigrationWorkerService", "Evma.MigrationWorkerService\Evma.MigrationWorkerService.csproj", "{41323EA6-F892-57DC-D1BC-018ECCEB14BC}"
EndProject
Project("{FAE04EC0-301F-11D3-BF4B-00C04F79EFBC}") = "EvMa.Web.Admin", "EvMa.Web.Admin\EvMa.Web.Admin.csproj", "{1FBD5AEE-4361-CA1A-3CAF-A711D425C601}"
EndProject
Project("{FAE04EC0-301F-11D3-BF4B-00C04F79EFBC}") = "EvMa.ECommerceLibrary", "EvMa.ECommerceLibrary\EvMa.ECommerceLibrary.csproj", "{C5B084F1-C5EF-4048-B037-751F24F58E23}"
EndProject
Project("{FAE04EC0-301F-11D3-BF4B-00C04F79EFBC}") = "EvMa.Core", "EvMa.Core\EvMa.Core.csproj", "{89AC70DB-65ED-4F7F-8700-B78CF4027A62}"
EndProject
Project("{FAE04EC0-301F-11D3-BF4B-00C04F79EFBC}") = "EvMa.ECommerceLibrary.Grpc", "EvMa.ECommerceLibrary.Grpc\EvMa.ECommerceLibrary.Grpc.csproj", "{30C9B896-952F-4FA1-84FF-BCC12B2F8853}"
EndProject
Global
	GlobalSection(SolutionConfigurationPlatforms) = preSolution
		Debug|Any CPU = Debug|Any CPU
		Release|Any CPU = Release|Any CPU
	EndGlobalSection
	GlobalSection(ProjectConfigurationPlatforms) = postSolution
		{F4A655A3-1F4A-4F10-9C64-01ACA9F6EDC5}.Debug|Any CPU.ActiveCfg = Debug|Any CPU
		{F4A655A3-1F4A-4F10-9C64-01ACA9F6EDC5}.Debug|Any CPU.Build.0 = Debug|Any CPU
		{F4A655A3-1F4A-4F10-9C64-01ACA9F6EDC5}.Release|Any CPU.ActiveCfg = Release|Any CPU
		{F4A655A3-1F4A-4F10-9C64-01ACA9F6EDC5}.Release|Any CPU.Build.0 = Release|Any CPU
		{73603BB0-8518-BD12-3472-25949619793C}.Debug|Any CPU.ActiveCfg = Debug|Any CPU
		{73603BB0-8518-BD12-3472-25949619793C}.Debug|Any CPU.Build.0 = Debug|Any CPU
		{73603BB0-8518-BD12-3472-25949619793C}.Release|Any CPU.ActiveCfg = Release|Any CPU
		{73603BB0-8518-BD12-3472-25949619793C}.Release|Any CPU.Build.0 = Release|Any CPU
		{E350E7EC-1D0A-47EF-5424-9C005BC8BBE3}.Debug|Any CPU.ActiveCfg = Debug|Any CPU
		{E350E7EC-1D0A-47EF-5424-9C005BC8BBE3}.Debug|Any CPU.Build.0 = Debug|Any CPU
		{E350E7EC-1D0A-47EF-5424-9C005BC8BBE3}.Release|Any CPU.ActiveCfg = Release|Any CPU
		{E350E7EC-1D0A-47EF-5424-9C005BC8BBE3}.Release|Any CPU.Build.0 = Release|Any CPU
		{41323EA6-F892-57DC-D1BC-018ECCEB14BC}.Debug|Any CPU.ActiveCfg = Debug|Any CPU
		{41323EA6-F892-57DC-D1BC-018ECCEB14BC}.Debug|Any CPU.Build.0 = Debug|Any CPU
		{41323EA6-F892-57DC-D1BC-018ECCEB14BC}.Release|Any CPU.ActiveCfg = Release|Any CPU
		{41323EA6-F892-57DC-D1BC-018ECCEB14BC}.Release|Any CPU.Build.0 = Release|Any CPU
		{1FBD5AEE-4361-CA1A-3CAF-A711D425C601}.Debug|Any CPU.ActiveCfg = Debug|Any CPU
		{1FBD5AEE-4361-CA1A-3CAF-A711D425C601}.Debug|Any CPU.Build.0 = Debug|Any CPU
		{1FBD5AEE-4361-CA1A-3CAF-A711D425C601}.Release|Any CPU.ActiveCfg = Release|Any CPU
		{1FBD5AEE-4361-CA1A-3CAF-A711D425C601}.Release|Any CPU.Build.0 = Release|Any CPU
		{C5B084F1-C5EF-4048-B037-751F24F58E23}.Debug|Any CPU.ActiveCfg = Debug|Any CPU
		{C5B084F1-C5EF-4048-B037-751F24F58E23}.Debug|Any CPU.Build.0 = Debug|Any CPU
		{C5B084F1-C5EF-4048-B037-751F24F58E23}.Release|Any CPU.ActiveCfg = Release|Any CPU
		{C5B084F1-C5EF-4048-B037-751F24F58E23}.Release|Any CPU.Build.0 = Release|Any CPU
		{89AC70DB-65ED-4F7F-8700-B78CF4027A62}.Debug|Any CPU.ActiveCfg = Debug|Any CPU
		{89AC70DB-65ED-4F7F-8700-B78CF4027A62}.Debug|Any CPU.Build.0 = Debug|Any CPU
		{89AC70DB-65ED-4F7F-8700-B78CF4027A62}.Release|Any CPU.ActiveCfg = Release|Any CPU
		{89AC70DB-65ED-4F7F-8700-B78CF4027A62}.Release|Any CPU.Build.0 = Release|Any CPU
		{30C9B896-952F-4FA1-84FF-BCC12B2F8853}.Debug|Any CPU.ActiveCfg = Debug|Any CPU
		{30C9B896-952F-4FA1-84FF-BCC12B2F8853}.Debug|Any CPU.Build.0 = Debug|Any CPU
		{30C9B896-952F-4FA1-84FF-BCC12B2F8853}.Release|Any CPU.ActiveCfg = Release|Any CPU
		{30C9B896-952F-4FA1-84FF-BCC12B2F8853}.Release|Any CPU.Build.0 = Release|Any CPU
	EndGlobalSection
	GlobalSection(SolutionProperties) = preSolution
		HideSolutionNode = FALSE
	EndGlobalSection
	GlobalSection(ExtensibilityGlobals) = postSolution
		SolutionGuid = {2AB54BD5-0DF0-441A-B615-4BEA9FD26200}
	EndGlobalSection
EndGlobal
